{
  "name": "store-pro-angular",
  "version": "1.0.1",
  "lockfileVersion": 2,
  "requires": true,
  "packages": {
    "": {
      "name": "store-pro-angular",
      "version": "1.0.1",
      "license": "MIT",
      "dependencies": {
        "install": "^0.13.0",
        "store-pro": "^1.0.1"
      },
      "devDependencies": {
        "store-pro-test": "file:../store-pro",
        "typescript": "^4.6.2"
      },
      "peerDependencies": {
        "@angular/core": "^13.2.0"
      }
    },
    "../store-pro": {
      "version": "1.0.3",
      "dev": true,
      "license": "MIT",
      "devDependencies": {
        "@types/jest": "^27.4.1",
        "jest": "^27.5.1",
        "ts-jest": "^27.1.3",
        "typescript": "^4.6.2"
      }
    },
    "node_modules/@angular/core": {
      "version": "13.2.6",
      "resolved": "https://registry.npmjs.org/@angular/core/-/core-13.2.6.tgz",
      "integrity": "sha512-ctWsxuaSO3d3afLW+wkJSyiEIA2uhaTKNps9x5wz/oZJDaUDYVa4PM4x7/UHn2bXzBjXjN9LSW8h9F31iwmcTg==",
      "peer": true,
      "dependencies": {
        "tslib": "^2.3.0"
      },
      "engines": {
        "node": "^12.20.0 || ^14.15.0 || >=16.10.0"
      },
      "peerDependencies": {
        "rxjs": "^6.5.3 || ^7.4.0",
        "zone.js": "~0.11.4"
      }
    },
    "node_modules/install": {
      "version": "0.13.0",
      "resolved": "https://registry.npmjs.org/install/-/install-0.13.0.tgz",
      "integrity": "sha512-zDml/jzr2PKU9I8J/xyZBQn8rPCAY//UOYNmR01XwNwyfhEWObo2SWfSl1+0tm1u6PhxLwDnfsT/6jB7OUxqFA==",
      "engines": {
        "node": ">= 0.10"
      }
    },
    "node_modules/rxjs": {
      "version": "7.5.5",
      "resolved": "https://registry.npmjs.org/rxjs/-/rxjs-7.5.5.tgz",
      "integrity": "sha512-sy+H0pQofO95VDmFLzyaw9xNJU4KTRSwQIGM6+iG3SypAtCiLDzpeG8sJrNCWn2Up9km+KhkvTdbkrdy+yzZdw==",
      "peer": true,
      "dependencies": {
        "tslib": "^2.1.0"
      }
    },
    "node_modules/store-pro": {
      "version": "1.0.1",
      "resolved": "https://registry.npmjs.org/store-pro/-/store-pro-1.0.1.tgz",
      "integrity": "sha512-EAgZZevwcQ5jGVkO5G/AY5HZQKOEwIH9QrFFJas4D9j9H8bZjJi8Jiylyl31Xd/E5OaM4RFRnHE01vCQBB0L4w=="
    },
    "node_modules/store-pro-test": {
      "resolved": "../store-pro",
      "link": true
    },
    "node_modules/tslib": {
      "version": "2.3.1",
      "resolved": "https://registry.npmjs.org/tslib/-/tslib-2.3.1.tgz",
      "integrity": "sha512-77EbyPPpMz+FRFRuAFlWMtmgUWGe9UOG2Z25NqCwiIjRhOf5iKGuzSe5P2w1laq+FkRy4p+PCuVkJSGkzTEKVw==",
      "peer": true
    },
    "node_modules/typescript": {
      "version": "4.6.2",
      "resolved": "https://registry.npmjs.org/typescript/-/typescript-4.6.2.tgz",
      "integrity": "sha512-HM/hFigTBHZhLXshn9sN37H085+hQGeJHJ/X7LpBWLID/fbc2acUMfU+lGD98X81sKP+pFa9f0DZmCwB9GnbAg==",
      "dev": true,
      "bin": {
        "tsc": "bin/tsc",
        "tsserver": "bin/tsserver"
      },
      "engines": {
        "node": ">=4.2.0"
      }
    },
    "node_modules/zone.js": {
      "version": "0.11.5",
      "resolved": "https://registry.npmjs.org/zone.js/-/zone.js-0.11.5.tgz",
      "integrity": "sha512-D1/7VxEuQ7xk6z/kAROe4SUbd9CzxY4zOwVGnGHerd/SgLIVU5f4esDzQUsOCeArn933BZfWMKydH7l7dPEp0g==",
      "peer": true,
      "dependencies": {
        "tslib": "^2.3.0"
      }
    }
  },
  "dependencies": {
    "@angular/core": {
      "version": "13.2.6",
      "resolved": "https://registry.npmjs.org/@angular/core/-/core-13.2.6.tgz",
      "integrity": "sha512-ctWsxuaSO3d3afLW+wkJSyiEIA2uhaTKNps9x5wz/oZJDaUDYVa4PM4x7/UHn2bXzBjXjN9LSW8h9F31iwmcTg==",
      "peer": true,
      "requires": {
        "tslib": "^2.3.0"
      }
    },
    "install": {
      "version": "0.13.0",
      "resolved": "https://registry.npmjs.org/install/-/install-0.13.0.tgz",
      "integrity": "sha512-zDml/jzr2PKU9I8J/xyZBQn8rPCAY//UOYNmR01XwNwyfhEWObo2SWfSl1+0tm1u6PhxLwDnfsT/6jB7OUxqFA=="
    },
    "rxjs": {
      "version": "7.5.5",
      "resolved": "https://registry.npmjs.org/rxjs/-/rxjs-7.5.5.tgz",
      "integrity": "sha512-sy+H0pQofO95VDmFLzyaw9xNJU4KTRSwQIGM6+iG3SypAtCiLDzpeG8sJrNCWn2Up9km+KhkvTdbkrdy+yzZdw==",
      "peer": true,
      "requires": {
        "tslib": "^2.1.0"
      }
    },
    "store-pro": {
      "version": "1.0.1",
      "resolved": "https://registry.npmjs.org/store-pro/-/store-pro-1.0.1.tgz",
      "integrity": "sha512-EAgZZevwcQ5jGVkO5G/AY5HZQKOEwIH9QrFFJas4D9j9H8bZjJi8Jiylyl31Xd/E5OaM4RFRnHE01vCQBB0L4w=="
    },
    "store-pro-test": {
      "version": "file:../store-pro",
      "requires": {
        "@types/jest": "^27.4.1",
        "jest": "^27.5.1",
        "ts-jest": "^27.1.3",
        "typescript": "^4.6.2"
      }
    },
    "tslib": {
      "version": "2.3.1",
      "resolved": "https://registry.npmjs.org/tslib/-/tslib-2.3.1.tgz",
      "integrity": "sha512-77EbyPPpMz+FRFRuAFlWMtmgUWGe9UOG2Z25NqCwiIjRhOf5iKGuzSe5P2w1laq+FkRy4p+PCuVkJSGkzTEKVw==",
      "peer": true
    },
    "typescript": {
      "version": "4.6.2",
      "resolved": "https://registry.npmjs.org/typescript/-/typescript-4.6.2.tgz",
      "integrity": "sha512-HM/hFigTBHZhLXshn9sN37H085+hQGeJHJ/X7LpBWLID/fbc2acUMfU+lGD98X81sKP+pFa9f0DZmCwB9GnbAg==",
      "dev": true
    },
    "zone.js": {
      "version": "0.11.5",
      "resolved": "https://registry.npmjs.org/zone.js/-/zone.js-0.11.5.tgz",
      "integrity": "sha512-D1/7VxEuQ7xk6z/kAROe4SUbd9CzxY4zOwVGnGHerd/SgLIVU5f4esDzQUsOCeArn933BZfWMKydH7l7dPEp0g==",
      "peer": true,
      "requires": {
        "tslib": "^2.3.0"
      }
    }
  }
}
